
Microsoft Visual Studio Solution File, Format Version 12.00
# Visual Studio Version 16
VisualStudioVersion = 16.0.30621.155
MinimumVisualStudioVersion = 10.0.40219.1
Project("{FAE04EC0-301F-11D3-BF4B-00C04F79EFBC}") = "XTecDigitalMongo", "XTecDigitalMongo\XTecDigitalMongo.csproj", "{DC6C125D-F686-42C1-90B3-B6576233063F}"
EndProject
Global
	GlobalSection(SolutionConfigurationPlatforms) = preSolution
		Debug|Any CPU = Debug|Any CPU
		Release|Any CPU = Release|Any CPU
	EndGlobalSection
	GlobalSection(ProjectConfigurationPlatforms) = postSolution
		{DC6C125D-F686-42C1-90B3-B6576233063F}.Debug|Any CPU.ActiveCfg = Debug|Any CPU
		{DC6C125D-F686-42C1-90B3-B6576233063F}.Debug|Any CPU.Build.0 = Debug|Any CPU
		{DC6C125D-F686-42C1-90B3-B6576233063F}.Release|Any CPU.ActiveCfg = Release|Any CPU
		{DC6C125D-F686-42C1-90B3-B6576233063F}.Release|Any CPU.Build.0 = Release|Any CPU
	EndGlobalSection
	GlobalSection(SolutionProperties) = preSolution
		HideSolutionNode = FALSE
	EndGlobalSection
	GlobalSection(ExtensibilityGlobals) = postSolution
		SolutionGuid = {16B71F05-762C-4D10-97D0-16BA9B77BCAB}
	EndGlobalSection
EndGlobal
